<?xml version="1.0" encoding="utf-8"?>
<Project ToolsVersion="4.0" xmlns="http://schemas.microsoft.com/developer/msbuild/2003">
  <ItemGroup>
    <Filter Include="Core">
      <UniqueIdentifier>{a96f7180-828f-41c1-bd1f-cc9d525b1120}</UniqueIdentifier>
    </Filter>
    <Filter Include="Rendering">
      <UniqueIdentifier>{9ce8391a-474e-4e31-a230-afd2390a4c69}</UniqueIdentifier>
    </Filter>
    <Filter Include="Components">
      <UniqueIdentifier>{ea773372-5c13-40aa-a488-237533fa4802}</UniqueIdentifier>
    </Filter>
  </ItemGroup>
  <ItemGroup>
    <ClInclude Include="..\..\include\core\Config.h">
      <Filter>Core</Filter>
    </ClInclude>
    <ClInclude Include="..\..\include\rendering\Window.h">
      <Filter>Rendering</Filter>
    </ClInclude>
    <ClInclude Include="..\..\include\Yage.h" />
    <ClInclude Include="..\..\include\core\CoreEngine.h">
      <Filter>Core</Filter>
    </ClInclude>
    <ClInclude Include="..\..\include\core\Input.h">
      <Filter>Core</Filter>
    </ClInclude>
    <ClInclude Include="..\..\src\core\Input.cpp">
      <Filter>Core</Filter>
    </ClInclude>
    <ClInclude Include="..\..\include\rendering\RenderingEngine.h">
      <Filter>Rendering</Filter>
    </ClInclude>
    <ClInclude Include="..\..\include\core\Win32Common.h">
      <Filter>Core</Filter>
    </ClInclude>
    <ClInclude Include="..\..\include\rendering\DirectXCommon.h">
      <Filter>Rendering</Filter>
    </ClInclude>
    <ClInclude Include="..\..\include\rendering\Shader.h">
      <Filter>Rendering</Filter>
    </ClInclude>
    <ClInclude Include="..\..\include\core\Math3D.h">
      <Filter>Core</Filter>
    </ClInclude>
    <ClInclude Include="..\..\include\core\Game.h">
      <Filter>Core</Filter>
    </ClInclude>
    <ClInclude Include="..\..\include\core\Entity.h">
      <Filter>Core</Filter>
    </ClInclude>
    <ClInclude Include="..\..\include\core\Timer.h">
      <Filter>Core</Filter>
    </ClInclude>
    <ClInclude Include="..\..\include\core\EntityComponent.h">
      <Filter>Core</Filter>
    </ClInclude>
    <ClInclude Include="..\..\include\rendering\Camera.h">
      <Filter>Rendering</Filter>
    </ClInclude>
    <ClInclude Include="..\..\include\core\Transform.h">
      <Filter>Core</Filter>
    </ClInclude>
    <ClInclude Include="..\..\include\rendering\Material.h">
      <Filter>Rendering</Filter>
    </ClInclude>
    <ClInclude Include="..\..\include\core\MappedValues.h">
      <Filter>Core</Filter>
    </ClInclude>
    <ClInclude Include="..\..\include\rendering\Texture.h">
      <Filter>Rendering</Filter>
    </ClInclude>
    <ClInclude Include="..\..\include\core\ReferenceCounter.h">
      <Filter>Core</Filter>
    </ClInclude>
    <ClInclude Include="..\..\include\core\String.h">
      <Filter>Core</Filter>
    </ClInclude>
    <ClInclude Include="..\..\include\components\MeshRenderer.h">
      <Filter>Components</Filter>
    </ClInclude>
    <ClInclude Include="..\..\include\rendering\Mesh.h">
      <Filter>Rendering</Filter>
    </ClInclude>
    <ClInclude Include="..\..\include\core\NonCopyable.h">
      <Filter>Core</Filter>
    </ClInclude>
  </ItemGroup>
  <ItemGroup>
    <ClCompile Include="..\..\src\rendering\Window.cpp">
      <Filter>Rendering</Filter>
    </ClCompile>
    <ClCompile Include="..\..\src\core\CoreEngine.cpp">
      <Filter>Core</Filter>
    </ClCompile>
    <ClCompile Include="..\..\src\rendering\RenderingEngine.cpp">
      <Filter>Rendering</Filter>
    </ClCompile>
    <ClCompile Include="..\..\src\rendering\Shader.cpp">
      <Filter>Rendering</Filter>
    </ClCompile>
    <ClCompile Include="..\..\src\core\Game.cpp">
      <Filter>Core</Filter>
    </ClCompile>
    <ClCompile Include="..\..\src\core\Entity.cpp">
      <Filter>Core</Filter>
    </ClCompile>
    <ClCompile Include="..\..\src\core\Timer.cpp">
      <Filter>Core</Filter>
    </ClCompile>
    <ClCompile Include="..\..\src\rendering\Texture.cpp">
      <Filter>Rendering</Filter>
    </ClCompile>
    <ClCompile Include="..\..\src\rendering\Material.cpp">
      <Filter>Rendering</Filter>
    </ClCompile>
    <ClCompile Include="..\..\src\core\MappedValues.cpp">
      <Filter>Core</Filter>
    </ClCompile>
    <ClCompile Include="..\..\src\core\String.cpp">
      <Filter>Core</Filter>
    </ClCompile>
    <ClCompile Include="..\..\src\rendering\Mesh.cpp">
      <Filter>Rendering</Filter>
    </ClCompile>
    <ClCompile Include="..\..\src\rendering\MeshRenderer.cpp">
      <Filter>Rendering</Filter>
    </ClCompile>
    <ClCompile Include="..\..\src\rendering\Camera.cpp">
      <Filter>Rendering</Filter>
    </ClCompile>
  </ItemGroup>
</Project>